# This file is automatically @generated by Cargo.
# It is not intended for manual editing.
version = 3

[[package]]
name = "chip-8"
version = "0.1.0"
dependencies = [
 "twelve_bit",
]

[[package]]
name = "twelve_bit"
version = "0.1.1"
source = "registry+https://github.com/rust-lang/crates.io-index"
checksum = "d7e81f965b823a982715edc9a5bd6eab75934574b7050cd827f6e7b19e556d97"
